
Microsoft Visual Studio Solution File, Format Version 12.00
# Visual Studio Version 16
VisualStudioVersion = 16.0.34114.132
MinimumVisualStudioVersion = 10.0.40219.1
Project("{FAE04EC0-301F-11D3-BF4B-00C04F79EFBC}") = "Project1", "Project1\Project1.csproj", "{33999347-FEEB-4EFB-97C7-5331E07F46C1}"
EndProject
Global
	GlobalSection(SolutionConfigurationPlatforms) = preSolution
		Debug|Any CPU = Debug|Any CPU
		Release|Any CPU = Release|Any CPU
	EndGlobalSection
	GlobalSection(ProjectConfigurationPlatforms) = postSolution
		{33999347-FEEB-4EFB-97C7-5331E07F46C1}.Debug|Any CPU.ActiveCfg = Debug|Any CPU
		{33999347-FEEB-4EFB-97C7-5331E07F46C1}.Debug|Any CPU.Build.0 = Debug|Any CPU
		{33999347-FEEB-4EFB-97C7-5331E07F46C1}.Release|Any CPU.ActiveCfg = Release|Any CPU
		{33999347-FEEB-4EFB-97C7-5331E07F46C1}.Release|Any CPU.Build.0 = Release|Any CPU
	EndGlobalSection
	GlobalSection(SolutionProperties) = preSolution
		HideSolutionNode = FALSE
	EndGlobalSection
	GlobalSection(ExtensibilityGlobals) = postSolution
		SolutionGuid = {0614DEF6-6EA0-4456-9410-558BDE00418E}
	EndGlobalSection
EndGlobal
